
Microsoft Visual Studio Solution File, Format Version 12.00
# Visual Studio 15
VisualStudioVersion = 15.0.26430.13
MinimumVisualStudioVersion = 10.0.40219.1
Project("{2150E333-8FDC-42A3-9474-1A3956D46DE8}") = "src", "src", "{F2546475-E8B5-4B1A-AA22-95A5A7578842}"
EndProject
Project("{888888A0-9F3D-457C-B088-3A5042F75D52}") = "qrcode-generator", "src\qrcode-generator\qrcode-generator.pyproj", "{C8207275-69C7-45C9-9BB3-C731F7062062}"
EndProject
Global
	GlobalSection(SolutionConfigurationPlatforms) = preSolution
		Debug|Any CPU = Debug|Any CPU
		Release|Any CPU = Release|Any CPU
	EndGlobalSection
	GlobalSection(ProjectConfigurationPlatforms) = postSolution
		{C8207275-69C7-45C9-9BB3-C731F7062062}.Debug|Any CPU.ActiveCfg = Debug|Any CPU
		{C8207275-69C7-45C9-9BB3-C731F7062062}.Debug|Any CPU.Build.0 = Debug|Any CPU
		{C8207275-69C7-45C9-9BB3-C731F7062062}.Release|Any CPU.ActiveCfg = Release|Any CPU
		{C8207275-69C7-45C9-9BB3-C731F7062062}.Release|Any CPU.Build.0 = Release|Any CPU
	EndGlobalSection
	GlobalSection(SolutionProperties) = preSolution
		HideSolutionNode = FALSE
	EndGlobalSection
	GlobalSection(NestedProjects) = preSolution
		{C8207275-69C7-45C9-9BB3-C731F7062062} = {F2546475-E8B5-4B1A-AA22-95A5A7578842}
	EndGlobalSection
EndGlobal
